%{
  "algae": {:git, "https://github.com/witchcrafters/algae.git", "067e2b0a02c5c0c4183051807dfa733e2ee43fe4", []},
  "exceptional": {:hex, :exceptional, "2.1.3", "cb17cb9b7c4882e763b82db08ba317678157ca95970fae96b31b3c90f5960c3d", [:mix], [], "hexpm", "59d67ae2df6784e7a957087742ae9011f220c3d1523706c5cd7ee0741bca5897"},
  "operator": {:hex, :operator, "0.2.1", "4572312bbd3e63a5c237bf15c3a7670d568e3651ea744289130780006e70e5f5", [:mix], [], "hexpm", "1990cc6dc651d7fff04636eef06fc64e6bc1da83a1da890c08ca3432e17e267a"},
  "quark": {:git, "https://github.com/witchcrafters/quark.git", "b05a8a0dc70715522303a7d0eac6f8debcc75c42", []},
  "type_class": {:git, "https://github.com/witchcrafters/type_class.git", "442bbfbac336231351feecb83ec7bc9ccbe07a57", []},
  "witchcraft": {:git, "https://github.com/jechol/witchcraft.git", "3158086fb54b249da5bc2926ddaa3a3dd8604774", []},
}
